{
  "name": "@bjnstnkvc/stash",
  "version": "1.0.0",
  "lockfileVersion": 3,
  "requires": true,
  "packages": {
    "": {
      "name": "@bjnstnkvc/stash",
      "version": "1.0.0",
      "license": "MIT",
      "dependencies": {
        "@bjnstnkvc/local-storage": "^1.1.2",
        "@bjnstnkvc/session-storage": "^1.0.1"
      },
      "devDependencies": {
        "typescript": "^5.8.3"
      }
    },
    "node_modules/@bjnstnkvc/local-storage": {
      "version": "1.1.2",
      "resolved": "https://registry.npmjs.org/@bjnstnkvc/local-storage/-/local-storage-1.1.2.tgz",
      "integrity": "sha512-ol2+UF6SxgTOs35PWdGGDKsG/GPicl2C1FAciPQsQ79BFZRJXxU8wEW6m9oF1Nfbo+Ka2uuoi7dC/vMP82yj+g==",
      "license": "MIT"
    },
    "node_modules/@bjnstnkvc/session-storage": {
      "version": "1.0.1",
      "resolved": "https://registry.npmjs.org/@bjnstnkvc/session-storage/-/session-storage-1.0.1.tgz",
      "integrity": "sha512-LgNCjG9B/4ixaUteRT2vNsFOcPejV3hA4sNQZ5n43A3JZGAINSeIwW7LWb6fj4ok35/TknqIuJnI1tYKCL1r1A==",
      "license": "MIT"
    },
    "node_modules/typescript": {
      "version": "5.8.3",
      "resolved": "https://registry.npmjs.org/typescript/-/typescript-5.8.3.tgz",
      "integrity": "sha512-p1diW6TqL9L07nNxvRMM7hMMw4c5XOo/1ibL4aAIGmSAt9slTE1Xgw5KWuof2uTOvCg9BY7ZRi+GaF+7sfgPeQ==",
      "dev": true,
      "license": "Apache-2.0",
      "bin": {
        "tsc": "bin/tsc",
        "tsserver": "bin/tsserver"
      },
      "engines": {
        "node": ">=14.17"
      }
    }
  }
}
